
Microsoft Visual Studio Solution File, Format Version 12.00
# Visual Studio Version 17
VisualStudioVersion = 17.9.34728.123
MinimumVisualStudioVersion = 10.0.40219.1
Project("{9A19103F-16F7-4668-BE54-9A1E7A4F7556}") = "CodeChallenge", "CodeChallange\CodeChallenge.csproj", "{9AAE2FCC-BE80-4180-9F4A-D7FC461D609C}"
EndProject
Global
	GlobalSection(SolutionConfigurationPlatforms) = preSolution
		Debug|Any CPU = Debug|Any CPU
		Release|Any CPU = Release|Any CPU
	EndGlobalSection
	GlobalSection(ProjectConfigurationPlatforms) = postSolution
		{9AAE2FCC-BE80-4180-9F4A-D7FC461D609C}.Debug|Any CPU.ActiveCfg = Debug|Any CPU
		{9AAE2FCC-BE80-4180-9F4A-D7FC461D609C}.Debug|Any CPU.Build.0 = Debug|Any CPU
		{9AAE2FCC-BE80-4180-9F4A-D7FC461D609C}.Release|Any CPU.ActiveCfg = Release|Any CPU
		{9AAE2FCC-BE80-4180-9F4A-D7FC461D609C}.Release|Any CPU.Build.0 = Release|Any CPU
	EndGlobalSection
	GlobalSection(SolutionProperties) = preSolution
		HideSolutionNode = FALSE
	EndGlobalSection
	GlobalSection(ExtensibilityGlobals) = postSolution
		SolutionGuid = {B791AA79-3C93-43A3-A00B-44E54F8F1A19}
	EndGlobalSection
EndGlobal
